// !$*UTF8*$!
{
	archiveVersion = 1;
	classes = {
	};
	objectVersion = 46;
	objects = {

/* Begin PBXBuildFile section */
		6B05AF99163F69780046D106 /* Ultilities+Image.m in Sources */ = {isa = PBXBuildFile; fileRef = 6B05AF98163F69770046D106 /* Ultilities+Image.m */; };
		6B2B56691640D5CE00728F86 /* Ultilities+Math.m in Sources */ = {isa = PBXBuildFile; fileRef = 6B2B56681640D5CE00728F86 /* Ultilities+Math.m */; };
		6B2B56721641229B00728F86 /* DNPageControl.m in Sources */ = {isa = PBXBuildFile; fileRef = 6B2B56711641229B00728F86 /* DNPageControl.m */; };
		6B6C47CA162E58BC0018CC3A /* photo1.jpg in Resources */ = {isa = PBXBuildFile; fileRef = 6B6C47C5162E58BC0018CC3A /* photo1.jpg */; };
		6B6C47CB162E58BC0018CC3A /* photo2.jpg in Resources */ = {isa = PBXBuildFile; fileRef = 6B6C47C6162E58BC0018CC3A /* photo2.jpg */; };
		6B6C47CC162E58BC0018CC3A /* photo3.jpg in Resources */ = {isa = PBXBuildFile; fileRef = 6B6C47C7162E58BC0018CC3A /* photo3.jpg */; };
		6B6C47CD162E58BC0018CC3A /* photo4.jpg in Resources */ = {isa = PBXBuildFile; fileRef = 6B6C47C8162E58BC0018CC3A /* photo4.jpg */; };
		6B6C47CE162E58BC0018CC3A /* photo5.jpg in Resources */ = {isa = PBXBuildFile; fileRef = 6B6C47C9162E58BC0018CC3A /* photo5.jpg */; };
		6B6C47D0162E5C9D0018CC3A /* QuartzCore.framework in Frameworks */ = {isa = PBXBuildFile; fileRef = 6B6C47CF162E5C9D0018CC3A /* QuartzCore.framework */; };
		6BDC5D38162CF3D100C1F98E /* Cocoa.framework in Frameworks */ = {isa = PBXBuildFile; fileRef = 6BDC5D37162CF3D100C1F98E /* Cocoa.framework */; };
		6BDC5D42162CF3D100C1F98E /* InfoPlist.strings in Resources */ = {isa = PBXBuildFile; fileRef = 6BDC5D40162CF3D100C1F98E /* InfoPlist.strings */; };
		6BDC5D44162CF3D100C1F98E /* main.m in Sources */ = {isa = PBXBuildFile; fileRef = 6BDC5D43162CF3D100C1F98E /* main.m */; };
		6BDC5D48162CF3D100C1F98E /* Credits.rtf in Resources */ = {isa = PBXBuildFile; fileRef = 6BDC5D46162CF3D100C1F98E /* Credits.rtf */; };
		6BDC5D4B162CF3D100C1F98E /* AppDelegate.m in Sources */ = {isa = PBXBuildFile; fileRef = 6BDC5D4A162CF3D100C1F98E /* AppDelegate.m */; };
		6BDC5D4E162CF3D100C1F98E /* MainMenu.xib in Resources */ = {isa = PBXBuildFile; fileRef = 6BDC5D4C162CF3D100C1F98E /* MainMenu.xib */; };
		6BDC5D56162CF3D100C1F98E /* SenTestingKit.framework in Frameworks */ = {isa = PBXBuildFile; fileRef = 6BDC5D55162CF3D100C1F98E /* SenTestingKit.framework */; };
		6BDC5D57162CF3D100C1F98E /* Cocoa.framework in Frameworks */ = {isa = PBXBuildFile; fileRef = 6BDC5D37162CF3D100C1F98E /* Cocoa.framework */; };
		6BDC5D5F162CF3D200C1F98E /* InfoPlist.strings in Resources */ = {isa = PBXBuildFile; fileRef = 6BDC5D5D162CF3D200C1F98E /* InfoPlist.strings */; };
		6BDC5D62162CF3D200C1F98E /* PhotoStackForMacTests.m in Sources */ = {isa = PBXBuildFile; fileRef = 6BDC5D61162CF3D200C1F98E /* PhotoStackForMacTests.m */; };
		6BDC5D71162CF44B00C1F98E /* DNPhotoStackView.m in Sources */ = {isa = PBXBuildFile; fileRef = 6BDC5D70162CF44B00C1F98E /* DNPhotoStackView.m */; };
/* End PBXBuildFile section */

/* Begin PBXContainerItemProxy section */
		6BDC5D58162CF3D100C1F98E /* PBXContainerItemProxy */ = {
			isa = PBXContainerItemProxy;
			containerPortal = 6BDC5D2A162CF3D100C1F98E /* Project object */;
			proxyType = 1;
			remoteGlobalIDString = 6BDC5D32162CF3D100C1F98E;
			remoteInfo = PhotoStackForMac;
		};
/* End PBXContainerItemProxy section */

/* Begin PBXFileReference section */
		6B05AF97163F69770046D106 /* Ultilities+Image.h */ = {isa = PBXFileReference; fileEncoding = 4; lastKnownFileType = sourcecode.c.h; path = "Ultilities+Image.h"; sourceTree = "<group>"; };
		6B05AF98163F69770046D106 /* Ultilities+Image.m */ = {isa = PBXFileReference; fileEncoding = 4; lastKnownFileType = sourcecode.c.objc; path = "Ultilities+Image.m"; sourceTree = "<group>"; };
		6B2B56671640D5CE00728F86 /* Ultilities+Math.h */ = {isa = PBXFileReference; fileEncoding = 4; lastKnownFileType = sourcecode.c.h; path = "Ultilities+Math.h"; sourceTree = "<group>"; };
		6B2B56681640D5CE00728F86 /* Ultilities+Math.m */ = {isa = PBXFileReference; fileEncoding = 4; lastKnownFileType = sourcecode.c.objc; path = "Ultilities+Math.m"; sourceTree = "<group>"; };
		6B2B56701641229B00728F86 /* DNPageControl.h */ = {isa = PBXFileReference; fileEncoding = 4; lastKnownFileType = sourcecode.c.h; path = DNPageControl.h; sourceTree = "<group>"; };
		6B2B56711641229B00728F86 /* DNPageControl.m */ = {isa = PBXFileReference; fileEncoding = 4; lastKnownFileType = sourcecode.c.objc; path = DNPageControl.m; sourceTree = "<group>"; };
		6B6C47B8162E4D760018CC3A /* DNARCCompatible.h */ = {isa = PBXFileReference; fileEncoding = 4; lastKnownFileType = sourcecode.c.h; path = DNARCCompatible.h; sourceTree = "<group>"; };
		6B6C47C5162E58BC0018CC3A /* photo1.jpg */ = {isa = PBXFileReference; lastKnownFileType = image.jpeg; path = photo1.jpg; sourceTree = "<group>"; };
		6B6C47C6162E58BC0018CC3A /* photo2.jpg */ = {isa = PBXFileReference; lastKnownFileType = image.jpeg; path = photo2.jpg; sourceTree = "<group>"; };
		6B6C47C7162E58BC0018CC3A /* photo3.jpg */ = {isa = PBXFileReference; lastKnownFileType = image.jpeg; path = photo3.jpg; sourceTree = "<group>"; };
		6B6C47C8162E58BC0018CC3A /* photo4.jpg */ = {isa = PBXFileReference; lastKnownFileType = image.jpeg; path = photo4.jpg; sourceTree = "<group>"; };
		6B6C47C9162E58BC0018CC3A /* photo5.jpg */ = {isa = PBXFileReference; lastKnownFileType = image.jpeg; path = photo5.jpg; sourceTree = "<group>"; };
		6B6C47CF162E5C9D0018CC3A /* QuartzCore.framework */ = {isa = PBXFileReference; lastKnownFileType = wrapper.framework; name = QuartzCore.framework; path = System/Library/Frameworks/QuartzCore.framework; sourceTree = SDKROOT; };
		6BDC5D33162CF3D100C1F98E /* PhotoStackForMac.app */ = {isa = PBXFileReference; explicitFileType = wrapper.application; includeInIndex = 0; path = PhotoStackForMac.app; sourceTree = BUILT_PRODUCTS_DIR; };
		6BDC5D37162CF3D100C1F98E /* Cocoa.framework */ = {isa = PBXFileReference; lastKnownFileType = wrapper.framework; name = Cocoa.framework; path = System/Library/Frameworks/Cocoa.framework; sourceTree = SDKROOT; };
		6BDC5D3A162CF3D100C1F98E /* AppKit.framework */ = {isa = PBXFileReference; lastKnownFileType = wrapper.framework; name = AppKit.framework; path = System/Library/Frameworks/AppKit.framework; sourceTree = SDKROOT; };
		6BDC5D3B162CF3D100C1F98E /* CoreData.framework */ = {isa = PBXFileReference; lastKnownFileType = wrapper.framework; name = CoreData.framework; path = System/Library/Frameworks/CoreData.framework; sourceTree = SDKROOT; };
		6BDC5D3C162CF3D100C1F98E /* Foundation.framework */ = {isa = PBXFileReference; lastKnownFileType = wrapper.framework; name = Foundation.framework; path = System/Library/Frameworks/Foundation.framework; sourceTree = SDKROOT; };
		6BDC5D3F162CF3D100C1F98E /* PhotoStackForMac-Info.plist */ = {isa = PBXFileReference; lastKnownFileType = text.plist.xml; path = "PhotoStackForMac-Info.plist"; sourceTree = "<group>"; };
		6BDC5D41162CF3D100C1F98E /* en */ = {isa = PBXFileReference; lastKnownFileType = text.plist.strings; name = en; path = en.lproj/InfoPlist.strings; sourceTree = "<group>"; };
		6BDC5D43162CF3D100C1F98E /* main.m */ = {isa = PBXFileReference; lastKnownFileType = sourcecode.c.objc; path = main.m; sourceTree = "<group>"; };
		6BDC5D45162CF3D100C1F98E /* PhotoStackForMac-Prefix.pch */ = {isa = PBXFileReference; lastKnownFileType = sourcecode.c.h; path = "PhotoStackForMac-Prefix.pch"; sourceTree = "<group>"; };
		6BDC5D47162CF3D100C1F98E /* en */ = {isa = PBXFileReference; lastKnownFileType = text.rtf; name = en; path = en.lproj/Credits.rtf; sourceTree = "<group>"; };
		6BDC5D49162CF3D100C1F98E /* AppDelegate.h */ = {isa = PBXFileReference; lastKnownFileType = sourcecode.c.h; path = AppDelegate.h; sourceTree = "<group>"; };
		6BDC5D4A162CF3D100C1F98E /* AppDelegate.m */ = {isa = PBXFileReference; lastKnownFileType = sourcecode.c.objc; path = AppDelegate.m; sourceTree = "<group>"; };
		6BDC5D4D162CF3D100C1F98E /* en */ = {isa = PBXFileReference; lastKnownFileType = file.xib; name = en; path = en.lproj/MainMenu.xib; sourceTree = "<group>"; };
		6BDC5D54162CF3D100C1F98E /* PhotoStackForMacTests.octest */ = {isa = PBXFileReference; explicitFileType = wrapper.cfbundle; includeInIndex = 0; path = PhotoStackForMacTests.octest; sourceTree = BUILT_PRODUCTS_DIR; };
		6BDC5D55162CF3D100C1F98E /* SenTestingKit.framework */ = {isa = PBXFileReference; lastKnownFileType = wrapper.framework; name = SenTestingKit.framework; path = Library/Frameworks/SenTestingKit.framework; sourceTree = DEVELOPER_DIR; };
		6BDC5D5C162CF3D200C1F98E /* PhotoStackForMacTests-Info.plist */ = {isa = PBXFileReference; lastKnownFileType = text.plist.xml; path = "PhotoStackForMacTests-Info.plist"; sourceTree = "<group>"; };
		6BDC5D5E162CF3D200C1F98E /* en */ = {isa = PBXFileReference; lastKnownFileType = text.plist.strings; name = en; path = en.lproj/InfoPlist.strings; sourceTree = "<group>"; };
		6BDC5D60162CF3D200C1F98E /* PhotoStackForMacTests.h */ = {isa = PBXFileReference; lastKnownFileType = sourcecode.c.h; path = PhotoStackForMacTests.h; sourceTree = "<group>"; };
		6BDC5D61162CF3D200C1F98E /* PhotoStackForMacTests.m */ = {isa = PBXFileReference; lastKnownFileType = sourcecode.c.objc; path = PhotoStackForMacTests.m; sourceTree = "<group>"; };
		6BDC5D6F162CF44B00C1F98E /* DNPhotoStackView.h */ = {isa = PBXFileReference; fileEncoding = 4; lastKnownFileType = sourcecode.c.h; path = DNPhotoStackView.h; sourceTree = "<group>"; };
		6BDC5D70162CF44B00C1F98E /* DNPhotoStackView.m */ = {isa = PBXFileReference; fileEncoding = 4; lastKnownFileType = sourcecode.c.objc; path = DNPhotoStackView.m; sourceTree = "<group>"; };
/* End PBXFileReference section */

/* Begin PBXFrameworksBuildPhase section */
		6BDC5D30162CF3D100C1F98E /* Frameworks */ = {
			isa = PBXFrameworksBuildPhase;
			buildActionMask = 2147483647;
			files = (
				6B6C47D0162E5C9D0018CC3A /* QuartzCore.framework in Frameworks */,
				6BDC5D38162CF3D100C1F98E /* Cocoa.framework in Frameworks */,
			);
			runOnlyForDeploymentPostprocessing = 0;
		};
		6BDC5D50162CF3D100C1F98E /* Frameworks */ = {
			isa = PBXFrameworksBuildPhase;
			buildActionMask = 2147483647;
			files = (
				6BDC5D56162CF3D100C1F98E /* SenTestingKit.framework in Frameworks */,
				6BDC5D57162CF3D100C1F98E /* Cocoa.framework in Frameworks */,
			);
			runOnlyForDeploymentPostprocessing = 0;
		};
/* End PBXFrameworksBuildPhase section */

/* Begin PBXGroup section */
		6B6C47C4162E58BC0018CC3A /* testPhotos */ = {
			isa = PBXGroup;
			children = (
				6B6C47C5162E58BC0018CC3A /* photo1.jpg */,
				6B6C47C6162E58BC0018CC3A /* photo2.jpg */,
				6B6C47C7162E58BC0018CC3A /* photo3.jpg */,
				6B6C47C8162E58BC0018CC3A /* photo4.jpg */,
				6B6C47C9162E58BC0018CC3A /* photo5.jpg */,
			);
			path = testPhotos;
			sourceTree = "<group>";
		};
		6BDC5D28162CF3D100C1F98E = {
			isa = PBXGroup;
			children = (
				6BDC5D3D162CF3D100C1F98E /* PhotoStackForMac */,
				6BDC5D5A162CF3D100C1F98E /* PhotoStackForMacTests */,
				6BDC5D36162CF3D100C1F98E /* Frameworks */,
				6BDC5D34162CF3D100C1F98E /* Products */,
			);
			sourceTree = "<group>";
		};
		6BDC5D34162CF3D100C1F98E /* Products */ = {
			isa = PBXGroup;
			children = (
				6BDC5D33162CF3D100C1F98E /* PhotoStackForMac.app */,
				6BDC5D54162CF3D100C1F98E /* PhotoStackForMacTests.octest */,
			);
			name = Products;
			sourceTree = "<group>";
		};
		6BDC5D36162CF3D100C1F98E /* Frameworks */ = {
			isa = PBXGroup;
			children = (
				6B6C47CF162E5C9D0018CC3A /* QuartzCore.framework */,
				6BDC5D37162CF3D100C1F98E /* Cocoa.framework */,
				6BDC5D55162CF3D100C1F98E /* SenTestingKit.framework */,
				6BDC5D39162CF3D100C1F98E /* Other Frameworks */,
			);
			name = Frameworks;
			sourceTree = "<group>";
		};
		6BDC5D39162CF3D100C1F98E /* Other Frameworks */ = {
			isa = PBXGroup;
			children = (
				6BDC5D3A162CF3D100C1F98E /* AppKit.framework */,
				6BDC5D3B162CF3D100C1F98E /* CoreData.framework */,
				6BDC5D3C162CF3D100C1F98E /* Foundation.framework */,
			);
			name = "Other Frameworks";
			sourceTree = "<group>";
		};
		6BDC5D3D162CF3D100C1F98E /* PhotoStackForMac */ = {
			isa = PBXGroup;
			children = (
				6BDC5D49162CF3D100C1F98E /* AppDelegate.h */,
				6BDC5D4A162CF3D100C1F98E /* AppDelegate.m */,
				6B6C47B8162E4D760018CC3A /* DNARCCompatible.h */,
				6B05AF97163F69770046D106 /* Ultilities+Image.h */,
				6B05AF98163F69770046D106 /* Ultilities+Image.m */,
				6B2B56671640D5CE00728F86 /* Ultilities+Math.h */,
				6B2B56681640D5CE00728F86 /* Ultilities+Math.m */,
				6BDC5D6F162CF44B00C1F98E /* DNPhotoStackView.h */,
				6BDC5D70162CF44B00C1F98E /* DNPhotoStackView.m */,
				6B2B56701641229B00728F86 /* DNPageControl.h */,
				6B2B56711641229B00728F86 /* DNPageControl.m */,
				6BDC5D4C162CF3D100C1F98E /* MainMenu.xib */,
				6BDC5D3E162CF3D100C1F98E /* Supporting Files */,
			);
			path = PhotoStackForMac;
			sourceTree = "<group>";
		};
		6BDC5D3E162CF3D100C1F98E /* Supporting Files */ = {
			isa = PBXGroup;
			children = (
				6B6C47C4162E58BC0018CC3A /* testPhotos */,
				6BDC5D3F162CF3D100C1F98E /* PhotoStackForMac-Info.plist */,
				6BDC5D40162CF3D100C1F98E /* InfoPlist.strings */,
				6BDC5D43162CF3D100C1F98E /* main.m */,
				6BDC5D45162CF3D100C1F98E /* PhotoStackForMac-Prefix.pch */,
				6BDC5D46162CF3D100C1F98E /* Credits.rtf */,
			);
			name = "Supporting Files";
			sourceTree = "<group>";
		};
		6BDC5D5A162CF3D100C1F98E /* PhotoStackForMacTests */ = {
			isa = PBXGroup;
			children = (
				6BDC5D60162CF3D200C1F98E /* PhotoStackForMacTests.h */,
				6BDC5D61162CF3D200C1F98E /* PhotoStackForMacTests.m */,
				6BDC5D5B162CF3D200C1F98E /* Supporting Files */,
			);
			path = PhotoStackForMacTests;
			sourceTree = "<group>";
		};
		6BDC5D5B162CF3D200C1F98E /* Supporting Files */ = {
			isa = PBXGroup;
			children = (
				6BDC5D5C162CF3D200C1F98E /* PhotoStackForMacTests-Info.plist */,
				6BDC5D5D162CF3D200C1F98E /* InfoPlist.strings */,
			);
			name = "Supporting Files";
			sourceTree = "<group>";
		};
/* End PBXGroup section */

/* Begin PBXNativeTarget section */
		6BDC5D32162CF3D100C1F98E /* PhotoStackForMac */ = {
			isa = PBXNativeTarget;
			buildConfigurationList = 6BDC5D65162CF3D200C1F98E /* Build configuration list for PBXNativeTarget "PhotoStackForMac" */;
			buildPhases = (
				6BDC5D2F162CF3D100C1F98E /* Sources */,
				6BDC5D30162CF3D100C1F98E /* Frameworks */,
				6BDC5D31162CF3D100C1F98E /* Resources */,
			);
			buildRules = (
			);
			dependencies = (
			);
			name = PhotoStackForMac;
			productName = PhotoStackForMac;
			productReference = 6BDC5D33162CF3D100C1F98E /* PhotoStackForMac.app */;
			productType = "com.apple.product-type.application";
		};
		6BDC5D53162CF3D100C1F98E /* PhotoStackForMacTests */ = {
			isa = PBXNativeTarget;
			buildConfigurationList = 6BDC5D68162CF3D200C1F98E /* Build configuration list for PBXNativeTarget "PhotoStackForMacTests" */;
			buildPhases = (
				6BDC5D4F162CF3D100C1F98E /* Sources */,
				6BDC5D50162CF3D100C1F98E /* Frameworks */,
				6BDC5D51162CF3D100C1F98E /* Resources */,
				6BDC5D52162CF3D100C1F98E /* ShellScript */,
			);
			buildRules = (
			);
			dependencies = (
				6BDC5D59162CF3D100C1F98E /* PBXTargetDependency */,
			);
			name = PhotoStackForMacTests;
			productName = PhotoStackForMacTests;
			productReference = 6BDC5D54162CF3D100C1F98E /* PhotoStackForMacTests.octest */;
			productType = "com.apple.product-type.bundle";
		};
/* End PBXNativeTarget section */

/* Begin PBXProject section */
		6BDC5D2A162CF3D100C1F98E /* Project object */ = {
			isa = PBXProject;
			attributes = {
				LastUpgradeCheck = 0450;
				ORGANIZATIONNAME = "Xu Jun";
			};
			buildConfigurationList = 6BDC5D2D162CF3D100C1F98E /* Build configuration list for PBXProject "PhotoStackForMac" */;
			compatibilityVersion = "Xcode 3.2";
			developmentRegion = English;
			hasScannedForEncodings = 0;
			knownRegions = (
				en,
			);
			mainGroup = 6BDC5D28162CF3D100C1F98E;
			productRefGroup = 6BDC5D34162CF3D100C1F98E /* Products */;
			projectDirPath = "";
			projectRoot = "";
			targets = (
				6BDC5D32162CF3D100C1F98E /* PhotoStackForMac */,
				6BDC5D53162CF3D100C1F98E /* PhotoStackForMacTests */,
			);
		};
/* End PBXProject section */

/* Begin PBXResourcesBuildPhase section */
		6BDC5D31162CF3D100C1F98E /* Resources */ = {
			isa = PBXResourcesBuildPhase;
			buildActionMask = 2147483647;
			files = (
				6BDC5D42162CF3D100C1F98E /* InfoPlist.strings in Resources */,
				6BDC5D48162CF3D100C1F98E /* Credits.rtf in Resources */,
				6BDC5D4E162CF3D100C1F98E /* MainMenu.xib in Resources */,
				6B6C47CA162E58BC0018CC3A /* photo1.jpg in Resources */,
				6B6C47CB162E58BC0018CC3A /* photo2.jpg in Resources */,
				6B6C47CC162E58BC0018CC3A /* photo3.jpg in Resources */,
				6B6C47CD162E58BC0018CC3A /* photo4.jpg in Resources */,
				6B6C47CE162E58BC0018CC3A /* photo5.jpg in Resources */,
			);
			runOnlyForDeploymentPostprocessing = 0;
		};
		6BDC5D51162CF3D100C1F98E /* Resources */ = {
			isa = PBXResourcesBuildPhase;
			buildActionMask = 2147483647;
			files = (
				6BDC5D5F162CF3D200C1F98E /* InfoPlist.strings in Resources */,
			);
			runOnlyForDeploymentPostprocessing = 0;
		};
/* End PBXResourcesBuildPhase section */

/* Begin PBXShellScriptBuildPhase section */
		6BDC5D52162CF3D100C1F98E /* ShellScript */ = {
			isa = PBXShellScriptBuildPhase;
			buildActionMask = 2147483647;
			files = (
			);
			inputPaths = (
			);
			outputPaths = (
			);
			runOnlyForDeploymentPostprocessing = 0;
			shellPath = /bin/sh;
			shellScript = "# Run the unit tests in this test bundle.\n\"${SYSTEM_DEVELOPER_DIR}/Tools/RunUnitTests\"\n";
		};
/* End PBXShellScriptBuildPhase section */

/* Begin PBXSourcesBuildPhase section */
		6BDC5D2F162CF3D100C1F98E /* Sources */ = {
			isa = PBXSourcesBuildPhase;
			buildActionMask = 2147483647;
			files = (
				6BDC5D44162CF3D100C1F98E /* main.m in Sources */,
				6BDC5D4B162CF3D100C1F98E /* AppDelegate.m in Sources */,
				6BDC5D71162CF44B00C1F98E /* DNPhotoStackView.m in Sources */,
				6B05AF99163F69780046D106 /* Ultilities+Image.m in Sources */,
				6B2B56691640D5CE00728F86 /* Ultilities+Math.m in Sources */,
				6B2B56721641229B00728F86 /* DNPageControl.m in Sources */,
			);
			runOnlyForDeploymentPostprocessing = 0;
		};
		6BDC5D4F162CF3D100C1F98E /* Sources */ = {
			isa = PBXSourcesBuildPhase;
			buildActionMask = 2147483647;
			files = (
				6BDC5D62162CF3D200C1F98E /* PhotoStackForMacTests.m in Sources */,
			);
			runOnlyForDeploymentPostprocessing = 0;
		};
/* End PBXSourcesBuildPhase section */

/* Begin PBXTargetDependency section */
		6BDC5D59162CF3D100C1F98E /* PBXTargetDependency */ = {
			isa = PBXTargetDependency;
			target = 6BDC5D32162CF3D100C1F98E /* PhotoStackForMac */;
			targetProxy = 6BDC5D58162CF3D100C1F98E /* PBXContainerItemProxy */;
		};
/* End PBXTargetDependency section */

/* Begin PBXVariantGroup section */
		6BDC5D40162CF3D100C1F98E /* InfoPlist.strings */ = {
			isa = PBXVariantGroup;
			children = (
				6BDC5D41162CF3D100C1F98E /* en */,
			);
			name = InfoPlist.strings;
			sourceTree = "<group>";
		};
		6BDC5D46162CF3D100C1F98E /* Credits.rtf */ = {
			isa = PBXVariantGroup;
			children = (
				6BDC5D47162CF3D100C1F98E /* en */,
			);
			name = Credits.rtf;
			sourceTree = "<group>";
		};
		6BDC5D4C162CF3D100C1F98E /* MainMenu.xib */ = {
			isa = PBXVariantGroup;
			children = (
				6BDC5D4D162CF3D100C1F98E /* en */,
			);
			name = MainMenu.xib;
			sourceTree = "<group>";
		};
		6BDC5D5D162CF3D200C1F98E /* InfoPlist.strings */ = {
			isa = PBXVariantGroup;
			children = (
				6BDC5D5E162CF3D200C1F98E /* en */,
			);
			name = InfoPlist.strings;
			sourceTree = "<group>";
		};
/* End PBXVariantGroup section */

/* Begin XCBuildConfiguration section */
		6BDC5D63162CF3D200C1F98E /* Debug */ = {
			isa = XCBuildConfiguration;
			buildSettings = {
				ALWAYS_SEARCH_USER_PATHS = NO;
				ARCHS = "$(ARCHS_STANDARD_64_BIT)";
				CLANG_CXX_LANGUAGE_STANDARD = "gnu++0x";
				CLANG_CXX_LIBRARY = "libc++";
				CLANG_WARN_EMPTY_BODY = YES;
				CLANG_WARN__DUPLICATE_METHOD_MATCH = YES;
				COPY_PHASE_STRIP = NO;
				GCC_C_LANGUAGE_STANDARD = gnu99;
				GCC_DYNAMIC_NO_PIC = NO;
				GCC_ENABLE_OBJC_EXCEPTIONS = YES;
				GCC_OPTIMIZATION_LEVEL = 0;
				GCC_PREPROCESSOR_DEFINITIONS = (
					"DEBUG=1",
					"$(inherited)",
				);
				GCC_SYMBOLS_PRIVATE_EXTERN = NO;
				GCC_WARN_64_TO_32_BIT_CONVERSION = YES;
				GCC_WARN_ABOUT_RETURN_TYPE = YES;
				GCC_WARN_UNINITIALIZED_AUTOS = YES;
				GCC_WARN_UNUSED_VARIABLE = YES;
				MACOSX_DEPLOYMENT_TARGET = 10.7;
				ONLY_ACTIVE_ARCH = YES;
				SDKROOT = macosx;
			};
			name = Debug;
		};
		6BDC5D64162CF3D200C1F98E /* Release */ = {
			isa = XCBuildConfiguration;
			buildSettings = {
				ALWAYS_SEARCH_USER_PATHS = NO;
				ARCHS = "$(ARCHS_STANDARD_64_BIT)";
				CLANG_CXX_LANGUAGE_STANDARD = "gnu++0x";
				CLANG_CXX_LIBRARY = "libc++";
				CLANG_WARN_EMPTY_BODY = YES;
				CLANG_WARN__DUPLICATE_METHOD_MATCH = YES;
				COPY_PHASE_STRIP = YES;
				DEBUG_INFORMATION_FORMAT = "dwarf-with-dsym";
				GCC_C_LANGUAGE_STANDARD = gnu99;
				GCC_ENABLE_OBJC_EXCEPTIONS = YES;
				GCC_WARN_64_TO_32_BIT_CONVERSION = YES;
				GCC_WARN_ABOUT_RETURN_TYPE = YES;
				GCC_WARN_UNINITIALIZED_AUTOS = YES;
				GCC_WARN_UNUSED_VARIABLE = YES;
				MACOSX_DEPLOYMENT_TARGET = 10.7;
				SDKROOT = macosx;
			};
			name = Release;
		};
		6BDC5D66162CF3D200C1F98E /* Debug */ = {
			isa = XCBuildConfiguration;
			buildSettings = {
				COMBINE_HIDPI_IMAGES = YES;
				GCC_PRECOMPILE_PREFIX_HEADER = YES;
				GCC_PREFIX_HEADER = "PhotoStackForMac/PhotoStackForMac-Prefix.pch";
				INFOPLIST_FILE = "PhotoStackForMac/PhotoStackForMac-Info.plist";
				PRODUCT_NAME = "$(TARGET_NAME)";
				WRAPPER_EXTENSION = app;
			};
			name = Debug;
		};
		6BDC5D67162CF3D200C1F98E /* Release */ = {
			isa = XCBuildConfiguration;
			buildSettings = {
				COMBINE_HIDPI_IMAGES = YES;
				GCC_PRECOMPILE_PREFIX_HEADER = YES;
				GCC_PREFIX_HEADER = "PhotoStackForMac/PhotoStackForMac-Prefix.pch";
				INFOPLIST_FILE = "PhotoStackForMac/PhotoStackForMac-Info.plist";
				PRODUCT_NAME = "$(TARGET_NAME)";
				WRAPPER_EXTENSION = app;
			};
			name = Release;
		};
		6BDC5D69162CF3D200C1F98E /* Debug */ = {
			isa = XCBuildConfiguration;
			buildSettings = {
				BUNDLE_LOADER = "$(BUILT_PRODUCTS_DIR)/PhotoStackForMac.app/Contents/MacOS/PhotoStackForMac";
				COMBINE_HIDPI_IMAGES = YES;
				FRAMEWORK_SEARCH_PATHS = "\"$(DEVELOPER_LIBRARY_DIR)/Frameworks\"";
				GCC_PRECOMPILE_PREFIX_HEADER = YES;
				GCC_PREFIX_HEADER = "PhotoStackForMac/PhotoStackForMac-Prefix.pch";
				INFOPLIST_FILE = "PhotoStackForMacTests/PhotoStackForMacTests-Info.plist";
				PRODUCT_NAME = "$(TARGET_NAME)";
				TEST_HOST = "$(BUNDLE_LOADER)";
				WRAPPER_EXTENSION = octest;
			};
			name = Debug;
		};
		6BDC5D6A162CF3D200C1F98E /* Release */ = {
			isa = XCBuildConfiguration;
			buildSettings = {
				BUNDLE_LOADER = "$(BUILT_PRODUCTS_DIR)/PhotoStackForMac.app/Contents/MacOS/PhotoStackForMac";
				COMBINE_HIDPI_IMAGES = YES;
				FRAMEWORK_SEARCH_PATHS = "\"$(DEVELOPER_LIBRARY_DIR)/Frameworks\"";
				GCC_PRECOMPILE_PREFIX_HEADER = YES;
				GCC_PREFIX_HEADER = "PhotoStackForMac/PhotoStackForMac-Prefix.pch";
				INFOPLIST_FILE = "PhotoStackForMacTests/PhotoStackForMacTests-Info.plist";
				PRODUCT_NAME = "$(TARGET_NAME)";
				TEST_HOST = "$(BUNDLE_LOADER)";
				WRAPPER_EXTENSION = octest;
			};
			name = Release;
		};
/* End XCBuildConfiguration section */

/* Begin XCConfigurationList section */
		6BDC5D2D162CF3D100C1F98E /* Build configuration list for PBXProject "PhotoStackForMac" */ = {
			isa = XCConfigurationList;
			buildConfigurations = (
				6BDC5D63162CF3D200C1F98E /* Debug */,
				6BDC5D64162CF3D200C1F98E /* Release */,
			);
			defaultConfigurationIsVisible = 0;
			defaultConfigurationName = Release;
		};
		6BDC5D65162CF3D200C1F98E /* Build configuration list for PBXNativeTarget "PhotoStackForMac" */ = {
			isa = XCConfigurationList;
			buildConfigurations = (
				6BDC5D66162CF3D200C1F98E /* Debug */,
				6BDC5D67162CF3D200C1F98E /* Release */,
			);
			defaultConfigurationIsVisible = 0;
			defaultConfigurationName = Release;
		};
		6BDC5D68162CF3D200C1F98E /* Build configuration list for PBXNativeTarget "PhotoStackForMacTests" */ = {
			isa = XCConfigurationList;
			buildConfigurations = (
				6BDC5D69162CF3D200C1F98E /* Debug */,
				6BDC5D6A162CF3D200C1F98E /* Release */,
			);
			defaultConfigurationIsVisible = 0;
			defaultConfigurationName = Release;
		};
/* End XCConfigurationList section */
	};
	rootObject = 6BDC5D2A162CF3D100C1F98E /* Project object */;
}
